{
  "name": "sipjs-test",
  "version": "0.0.1",
  "lockfileVersion": 1,
  "requires": true,
  "dependencies": {
    "crypto-js": {
      "version": "3.1.9-1",
      "resolved": "http://npm.services.mobilon.ru/crypto-js/-/crypto-js-3.1.9-1.tgz",
      "integrity": "sha1-/aGedh/Ad+Af+/3G6f38WeiAbNg="
    },
    "sip.js": {
      "version": "0.14.2",
      "resolved": "http://npm.services.mobilon.ru/sip.js/-/sip.js-0.14.2.tgz",
      "integrity": "sha512-TLynOIZ6XQCHvpTwRei20qBbJ0RdbyZIcmy7KzyEZ52cz0R0ftzvBPxGKufx0a0NETL9gCcd3l04ICbtT0xPzg==",
      "requires": {
        "crypto-js": "^3.1.9-1"
      }
    }
  }
}
